{
  "dependencies": {
    "noble": {
      "version": "0.3.14",
      "dependencies": {
        "debug": {
          "version": "0.7.4"
        },
        "bplist-parser": {
          "version": "0.0.6"
        }
      }
    },
    "xpc-connection": {
      "version": "0.1.3",
      "dependencies": {
        "nan": {
          "version": "1.8.4"
        }
      }
    }
  }
}
